<?xml version="1.0" encoding="utf-8"?>
<Project ToolsVersion="4.0" xmlns="http://schemas.microsoft.com/developer/msbuild/2003">
  <ItemGroup>
    <Filter Include="Camera">
      <UniqueIdentifier>{CE7141AB-BA13-6C81-A3CE-7FD58F0FF3D1}</UniqueIdentifier>
    </Filter>
    <Filter Include="Graphics">
      <UniqueIdentifier>{1653CE33-0220-293F-2B39-17E717655ECD}</UniqueIdentifier>
    </Filter>
    <Filter Include="ImGui">
      <UniqueIdentifier>{C0FF640D-2C14-8DBE-F595-301E616989EF}</UniqueIdentifier>
    </Filter>
    <Filter Include="dependencies">
      <UniqueIdentifier>{8CAD9F58-7810-2FFD-2196-67B30DD8FA7F}</UniqueIdentifier>
    </Filter>
    <Filter Include="dependencies\include">
      <UniqueIdentifier>{FFA0974E-EB2F-2118-944E-351380BC31BE}</UniqueIdentifier>
    </Filter>
    <Filter Include="dependencies\include\GL">
      <UniqueIdentifier>{014680B3-6D7D-C84A-7687-2C6EE23DEF43}</UniqueIdentifier>
    </Filter>
    <Filter Include="dependencies\include\GLFW">
      <UniqueIdentifier>{9ED3A994-0A96-DD1E-5346-6CABBF47B6FC}</UniqueIdentifier>
    </Filter>
    <Filter Include="dependencies\include\glm">
      <UniqueIdentifier>{CE928923-BAB7-D8A3-E302-BE33CF86D7C1}</UniqueIdentifier>
    </Filter>
    <Filter Include="dependencies\include\glm\detail">
      <UniqueIdentifier>{D096646A-3C7A-73AA-457D-A1E6B1DF39FB}</UniqueIdentifier>
    </Filter>
    <Filter Include="dependencies\include\glm\simd">
      <UniqueIdentifier>{EADF6E36-56F8-5560-1FA5-E5F98B7CEAF9}</UniqueIdentifier>
    </Filter>
    <Filter Include="dependencies\include\imgui">
      <UniqueIdentifier>{A9315E2C-9541-0AFD-FEFA-6E1BEA29F995}</UniqueIdentifier>
    </Filter>
    <Filter Include="dependencies\include\stb">
      <UniqueIdentifier>{D7C68923-C3EB-D8A3-EC36-BE33D8BAD7C1}</UniqueIdentifier>
    </Filter>
  </ItemGroup>
  <ItemGroup>
    <ClInclude Include="Source\Camera\Camera.h">
      <Filter>Camera</Filter>
    </ClInclude>
    <ClInclude Include="Source\Graphics\IndexBuffer.h">
      <Filter>Graphics</Filter>
    </ClInclude>
    <ClInclude Include="Source\Graphics\OpenGLUtils.h">
      <Filter>Graphics</Filter>
    </ClInclude>
    <ClInclude Include="Source\Graphics\Renderer.h">
      <Filter>Graphics</Filter>
    </ClInclude>
    <ClInclude Include="Source\Graphics\Shader.h">
      <Filter>Graphics</Filter>
    </ClInclude>
    <ClInclude Include="Source\Graphics\Texture.h">
      <Filter>Graphics</Filter>
    </ClInclude>
    <ClInclude Include="Source\Graphics\VertexBuffer.h">
      <Filter>Graphics</Filter>
    </ClInclude>
    <ClInclude Include="Source\ImGui\ImGuiManager.h">
      <Filter>ImGui</Filter>
    </ClInclude>
    <ClInclude Include="Source\dependencies\include\GL\eglew.h">
      <Filter>dependencies\include\GL</Filter>
    </ClInclude>
    <ClInclude Include="Source\dependencies\include\GL\glew.h">
      <Filter>dependencies\include\GL</Filter>
    </ClInclude>
    <ClInclude Include="Source\dependencies\include\GL\glxew.h">
      <Filter>dependencies\include\GL</Filter>
    </ClInclude>
    <ClInclude Include="Source\dependencies\include\GL\wglew.h">
      <Filter>dependencies\include\GL</Filter>
    </ClInclude>
    <ClInclude Include="Source\dependencies\include\GLFW\glfw3.h">
      <Filter>dependencies\include\GLFW</Filter>
    </ClInclude>
    <ClInclude Include="Source\dependencies\include\GLFW\glfw3native.h">
      <Filter>dependencies\include\GLFW</Filter>
    </ClInclude>
    <ClInclude Include="Source\dependencies\include\glm\simd\common.h">
      <Filter>dependencies\include\glm\simd</Filter>
    </ClInclude>
    <ClInclude Include="Source\dependencies\include\glm\simd\exponential.h">
      <Filter>dependencies\include\glm\simd</Filter>
    </ClInclude>
    <ClInclude Include="Source\dependencies\include\glm\simd\geometric.h">
      <Filter>dependencies\include\glm\simd</Filter>
    </ClInclude>
    <ClInclude Include="Source\dependencies\include\glm\simd\integer.h">
      <Filter>dependencies\include\glm\simd</Filter>
    </ClInclude>
    <ClInclude Include="Source\dependencies\include\glm\simd\matrix.h">
      <Filter>dependencies\include\glm\simd</Filter>
    </ClInclude>
    <ClInclude Include="Source\dependencies\include\glm\simd\neon.h">
      <Filter>dependencies\include\glm\simd</Filter>
    </ClInclude>
    <ClInclude Include="Source\dependencies\include\glm\simd\packing.h">
      <Filter>dependencies\include\glm\simd</Filter>
    </ClInclude>
    <ClInclude Include="Source\dependencies\include\glm\simd\platform.h">
      <Filter>dependencies\include\glm\simd</Filter>
    </ClInclude>
    <ClInclude Include="Source\dependencies\include\glm\simd\trigonometric.h">
      <Filter>dependencies\include\glm\simd</Filter>
    </ClInclude>
    <ClInclude Include="Source\dependencies\include\glm\simd\vector_relational.h">
      <Filter>dependencies\include\glm\simd</Filter>
    </ClInclude>
    <ClInclude Include="Source\dependencies\include\imgui\imconfig.h">
      <Filter>dependencies\include\imgui</Filter>
    </ClInclude>
    <ClInclude Include="Source\dependencies\include\imgui\imgui.h">
      <Filter>dependencies\include\imgui</Filter>
    </ClInclude>
    <ClInclude Include="Source\dependencies\include\imgui\imgui_impl_glfw.h">
      <Filter>dependencies\include\imgui</Filter>
    </ClInclude>
    <ClInclude Include="Source\dependencies\include\imgui\imgui_impl_opengl3.h">
      <Filter>dependencies\include\imgui</Filter>
    </ClInclude>
    <ClInclude Include="Source\dependencies\include\imgui\imgui_impl_opengl3_loader.h">
      <Filter>dependencies\include\imgui</Filter>
    </ClInclude>
    <ClInclude Include="Source\dependencies\include\imgui\imgui_internal.h">
      <Filter>dependencies\include\imgui</Filter>
    </ClInclude>
    <ClInclude Include="Source\dependencies\include\imgui\imstb_rectpack.h">
      <Filter>dependencies\include\imgui</Filter>
    </ClInclude>
    <ClInclude Include="Source\dependencies\include\imgui\imstb_textedit.h">
      <Filter>dependencies\include\imgui</Filter>
    </ClInclude>
    <ClInclude Include="Source\dependencies\include\imgui\imstb_truetype.h">
      <Filter>dependencies\include\imgui</Filter>
    </ClInclude>
    <ClInclude Include="Source\dependencies\include\stb\stb_image.h">
      <Filter>dependencies\include\stb</Filter>
    </ClInclude>
  </ItemGroup>
  <ItemGroup>
    <ClCompile Include="Source\Camera\Camera.cpp">
      <Filter>Camera</Filter>
    </ClCompile>
    <ClCompile Include="Source\Graphics\IndexBuffer.cpp">
      <Filter>Graphics</Filter>
    </ClCompile>
    <ClCompile Include="Source\Graphics\OpenGLUtils.cpp">
      <Filter>Graphics</Filter>
    </ClCompile>
    <ClCompile Include="Source\Graphics\Renderer.cpp">
      <Filter>Graphics</Filter>
    </ClCompile>
    <ClCompile Include="Source\Graphics\Shader.cpp">
      <Filter>Graphics</Filter>
    </ClCompile>
    <ClCompile Include="Source\Graphics\Texture.cpp">
      <Filter>Graphics</Filter>
    </ClCompile>
    <ClCompile Include="Source\Graphics\VertexBuffer.cpp">
      <Filter>Graphics</Filter>
    </ClCompile>
    <ClCompile Include="Source\ImGui\ImGuiManager.cpp">
      <Filter>ImGui</Filter>
    </ClCompile>
    <ClCompile Include="Source\dependencies\include\glm\detail\glm.cpp">
      <Filter>dependencies\include\glm\detail</Filter>
    </ClCompile>
    <ClCompile Include="Source\dependencies\include\glm\glm.cppm">
      <Filter>dependencies\include\glm</Filter>
    </ClCompile>
    <ClCompile Include="Source\dependencies\include\imgui\imgui.cpp">
      <Filter>dependencies\include\imgui</Filter>
    </ClCompile>
    <ClCompile Include="Source\dependencies\include\imgui\imgui_demo.cpp">
      <Filter>dependencies\include\imgui</Filter>
    </ClCompile>
    <ClCompile Include="Source\dependencies\include\imgui\imgui_draw.cpp">
      <Filter>dependencies\include\imgui</Filter>
    </ClCompile>
    <ClCompile Include="Source\dependencies\include\imgui\imgui_impl_glfw.cpp">
      <Filter>dependencies\include\imgui</Filter>
    </ClCompile>
    <ClCompile Include="Source\dependencies\include\imgui\imgui_impl_opengl3.cpp">
      <Filter>dependencies\include\imgui</Filter>
    </ClCompile>
    <ClCompile Include="Source\dependencies\include\imgui\imgui_tables.cpp">
      <Filter>dependencies\include\imgui</Filter>
    </ClCompile>
    <ClCompile Include="Source\dependencies\include\imgui\imgui_widgets.cpp">
      <Filter>dependencies\include\imgui</Filter>
    </ClCompile>
    <ClCompile Include="Source\dependencies\stb.cpp">
      <Filter>dependencies</Filter>
    </ClCompile>
  </ItemGroup>
  <ItemGroup>
    <Image Include="..\..\..\..\Downloads\skybottom.png" />
    <Image Include="..\..\..\..\Downloads\skyfront.png" />
    <Image Include="..\..\..\..\Downloads\skyback.png" />
    <Image Include="..\..\..\..\Downloads\skyright.png" />
    <Image Include="..\..\..\..\Downloads\skytop.png" />
    <Image Include="..\..\..\..\Downloads\skyleft.png" />
    <Image Include="resources\img.jpg" />
  </ItemGroup>
  <ItemGroup>
    <None Include="Source\Shaders\SimpleFragmentShader.fragmentshader" />
    <None Include="Source\Shaders\SimpleVertexShader.vertexshader" />
    <None Include="Source\Shaders\skybox.fragmentshader" />
    <None Include="Source\Shaders\skybox.vertexshader" />
    <None Include="Source\Shaders\TriangleTexture.fragmentshader" />
    <None Include="Source\Shaders\TriangleTexture.vertexshader" />
  </ItemGroup>
</Project>